
Microsoft Visual Studio Solution File, Format Version 12.00
# Visual Studio 15
VisualStudioVersion = 15.0.28307.705
MinimumVisualStudioVersion = 10.0.40219.1
Project("{FAE04EC0-301F-11D3-BF4B-00C04F79EFBC}") = "Lands.Android", "Lands\Lands.Android\Lands.Android.csproj", "{732D8C3C-32AE-4A78-AF39-D777D6D2F0FA}"
EndProject
Project("{FAE04EC0-301F-11D3-BF4B-00C04F79EFBC}") = "Lands.iOS", "Lands\Lands.iOS\Lands.iOS.csproj", "{68911AD7-DDE0-4612-BE34-CEB0F3746478}"
EndProject
Project("{FAE04EC0-301F-11D3-BF4B-00C04F79EFBC}") = "Lands", "Lands\Lands\Lands.csproj", "{FAF598B7-4F44-48CA-89EF-33D04DA1472D}"
EndProject
Global
	GlobalSection(SolutionConfigurationPlatforms) = preSolution
		Ad-Hoc|Any CPU = Ad-Hoc|Any CPU
		Ad-Hoc|iPhone = Ad-Hoc|iPhone
		Ad-Hoc|iPhoneSimulator = Ad-Hoc|iPhoneSimulator
		AppStore|Any CPU = AppStore|Any CPU
		AppStore|iPhone = AppStore|iPhone
		AppStore|iPhoneSimulator = AppStore|iPhoneSimulator
		Debug|Any CPU = Debug|Any CPU
		Debug|iPhone = Debug|iPhone
		Debug|iPhoneSimulator = Debug|iPhoneSimulator
		Release|Any CPU = Release|Any CPU
		Release|iPhone = Release|iPhone
		Release|iPhoneSimulator = Release|iPhoneSimulator
	EndGlobalSection
	GlobalSection(ProjectConfigurationPlatforms) = postSolution
		{732D8C3C-32AE-4A78-AF39-D777D6D2F0FA}.Ad-Hoc|Any CPU.ActiveCfg = Release|Any CPU
		{732D8C3C-32AE-4A78-AF39-D777D6D2F0FA}.Ad-Hoc|Any CPU.Build.0 = Release|Any CPU
		{732D8C3C-32AE-4A78-AF39-D777D6D2F0FA}.Ad-Hoc|Any CPU.Deploy.0 = Release|Any CPU
		{732D8C3C-32AE-4A78-AF39-D777D6D2F0FA}.Ad-Hoc|iPhone.ActiveCfg = Release|Any CPU
		{732D8C3C-32AE-4A78-AF39-D777D6D2F0FA}.Ad-Hoc|iPhone.Build.0 = Release|Any CPU
		{732D8C3C-32AE-4A78-AF39-D777D6D2F0FA}.Ad-Hoc|iPhone.Deploy.0 = Release|Any CPU
		{732D8C3C-32AE-4A78-AF39-D777D6D2F0FA}.Ad-Hoc|iPhoneSimulator.ActiveCfg = Release|Any CPU
		{732D8C3C-32AE-4A78-AF39-D777D6D2F0FA}.Ad-Hoc|iPhoneSimulator.Build.0 = Release|Any CPU
		{732D8C3C-32AE-4A78-AF39-D777D6D2F0FA}.Ad-Hoc|iPhoneSimulator.Deploy.0 = Release|Any CPU
		{732D8C3C-32AE-4A78-AF39-D777D6D2F0FA}.AppStore|Any CPU.ActiveCfg = Release|Any CPU
		{732D8C3C-32AE-4A78-AF39-D777D6D2F0FA}.AppStore|Any CPU.Build.0 = Release|Any CPU
		{732D8C3C-32AE-4A78-AF39-D777D6D2F0FA}.AppStore|Any CPU.Deploy.0 = Release|Any CPU
		{732D8C3C-32AE-4A78-AF39-D777D6D2F0FA}.AppStore|iPhone.ActiveCfg = Release|Any CPU
		{732D8C3C-32AE-4A78-AF39-D777D6D2F0FA}.AppStore|iPhone.Build.0 = Release|Any CPU
		{732D8C3C-32AE-4A78-AF39-D777D6D2F0FA}.AppStore|iPhone.Deploy.0 = Release|Any CPU
		{732D8C3C-32AE-4A78-AF39-D777D6D2F0FA}.AppStore|iPhoneSimulator.ActiveCfg = Release|Any CPU
		{732D8C3C-32AE-4A78-AF39-D777D6D2F0FA}.AppStore|iPhoneSimulator.Build.0 = Release|Any CPU
		{732D8C3C-32AE-4A78-AF39-D777D6D2F0FA}.AppStore|iPhoneSimulator.Deploy.0 = Release|Any CPU
		{732D8C3C-32AE-4A78-AF39-D777D6D2F0FA}.Debug|Any CPU.ActiveCfg = Debug|Any CPU
		{732D8C3C-32AE-4A78-AF39-D777D6D2F0FA}.Debug|Any CPU.Build.0 = Debug|Any CPU
		{732D8C3C-32AE-4A78-AF39-D777D6D2F0FA}.Debug|Any CPU.Deploy.0 = Debug|Any CPU
		{732D8C3C-32AE-4A78-AF39-D777D6D2F0FA}.Debug|iPhone.ActiveCfg = Debug|Any CPU
		{732D8C3C-32AE-4A78-AF39-D777D6D2F0FA}.Debug|iPhone.Build.0 = Debug|Any CPU
		{732D8C3C-32AE-4A78-AF39-D777D6D2F0FA}.Debug|iPhone.Deploy.0 = Debug|Any CPU
		{732D8C3C-32AE-4A78-AF39-D777D6D2F0FA}.Debug|iPhoneSimulator.ActiveCfg = Debug|Any CPU
		{732D8C3C-32AE-4A78-AF39-D777D6D2F0FA}.Debug|iPhoneSimulator.Build.0 = Debug|Any CPU
		{732D8C3C-32AE-4A78-AF39-D777D6D2F0FA}.Debug|iPhoneSimulator.Deploy.0 = Debug|Any CPU
		{732D8C3C-32AE-4A78-AF39-D777D6D2F0FA}.Release|Any CPU.ActiveCfg = Release|Any CPU
		{732D8C3C-32AE-4A78-AF39-D777D6D2F0FA}.Release|Any CPU.Build.0 = Release|Any CPU
		{732D8C3C-32AE-4A78-AF39-D777D6D2F0FA}.Release|Any CPU.Deploy.0 = Release|Any CPU
		{732D8C3C-32AE-4A78-AF39-D777D6D2F0FA}.Release|iPhone.ActiveCfg = Release|Any CPU
		{732D8C3C-32AE-4A78-AF39-D777D6D2F0FA}.Release|iPhone.Build.0 = Release|Any CPU
		{732D8C3C-32AE-4A78-AF39-D777D6D2F0FA}.Release|iPhone.Deploy.0 = Release|Any CPU
		{732D8C3C-32AE-4A78-AF39-D777D6D2F0FA}.Release|iPhoneSimulator.ActiveCfg = Release|Any CPU
		{732D8C3C-32AE-4A78-AF39-D777D6D2F0FA}.Release|iPhoneSimulator.Build.0 = Release|Any CPU
		{732D8C3C-32AE-4A78-AF39-D777D6D2F0FA}.Release|iPhoneSimulator.Deploy.0 = Release|Any CPU
		{68911AD7-DDE0-4612-BE34-CEB0F3746478}.Ad-Hoc|Any CPU.ActiveCfg = Ad-Hoc|iPhone
		{68911AD7-DDE0-4612-BE34-CEB0F3746478}.Ad-Hoc|Any CPU.Build.0 = Ad-Hoc|iPhone
		{68911AD7-DDE0-4612-BE34-CEB0F3746478}.Ad-Hoc|Any CPU.Deploy.0 = Ad-Hoc|iPhone
		{68911AD7-DDE0-4612-BE34-CEB0F3746478}.Ad-Hoc|iPhone.ActiveCfg = Ad-Hoc|iPhone
		{68911AD7-DDE0-4612-BE34-CEB0F3746478}.Ad-Hoc|iPhone.Build.0 = Ad-Hoc|iPhone
		{68911AD7-DDE0-4612-BE34-CEB0F3746478}.Ad-Hoc|iPhone.Deploy.0 = Ad-Hoc|iPhone
		{68911AD7-DDE0-4612-BE34-CEB0F3746478}.Ad-Hoc|iPhoneSimulator.ActiveCfg = Ad-Hoc|iPhoneSimulator
		{68911AD7-DDE0-4612-BE34-CEB0F3746478}.Ad-Hoc|iPhoneSimulator.Build.0 = Ad-Hoc|iPhoneSimulator
		{68911AD7-DDE0-4612-BE34-CEB0F3746478}.Ad-Hoc|iPhoneSimulator.Deploy.0 = Ad-Hoc|iPhoneSimulator
		{68911AD7-DDE0-4612-BE34-CEB0F3746478}.AppStore|Any CPU.ActiveCfg = AppStore|iPhone
		{68911AD7-DDE0-4612-BE34-CEB0F3746478}.AppStore|Any CPU.Build.0 = AppStore|iPhone
		{68911AD7-DDE0-4612-BE34-CEB0F3746478}.AppStore|Any CPU.Deploy.0 = AppStore|iPhone
		{68911AD7-DDE0-4612-BE34-CEB0F3746478}.AppStore|iPhone.ActiveCfg = AppStore|iPhone
		{68911AD7-DDE0-4612-BE34-CEB0F3746478}.AppStore|iPhone.Build.0 = AppStore|iPhone
		{68911AD7-DDE0-4612-BE34-CEB0F3746478}.AppStore|iPhone.Deploy.0 = AppStore|iPhone
		{68911AD7-DDE0-4612-BE34-CEB0F3746478}.AppStore|iPhoneSimulator.ActiveCfg = AppStore|iPhoneSimulator
		{68911AD7-DDE0-4612-BE34-CEB0F3746478}.AppStore|iPhoneSimulator.Build.0 = AppStore|iPhoneSimulator
		{68911AD7-DDE0-4612-BE34-CEB0F3746478}.AppStore|iPhoneSimulator.Deploy.0 = AppStore|iPhoneSimulator
		{68911AD7-DDE0-4612-BE34-CEB0F3746478}.Debug|Any CPU.ActiveCfg = Debug|iPhoneSimulator
		{68911AD7-DDE0-4612-BE34-CEB0F3746478}.Debug|Any CPU.Build.0 = Debug|iPhoneSimulator
		{68911AD7-DDE0-4612-BE34-CEB0F3746478}.Debug|Any CPU.Deploy.0 = Debug|iPhoneSimulator
		{68911AD7-DDE0-4612-BE34-CEB0F3746478}.Debug|iPhone.ActiveCfg = Debug|iPhone
		{68911AD7-DDE0-4612-BE34-CEB0F3746478}.Debug|iPhone.Build.0 = Debug|iPhone
		{68911AD7-DDE0-4612-BE34-CEB0F3746478}.Debug|iPhone.Deploy.0 = Debug|iPhone
		{68911AD7-DDE0-4612-BE34-CEB0F3746478}.Debug|iPhoneSimulator.ActiveCfg = Debug|iPhoneSimulator
		{68911AD7-DDE0-4612-BE34-CEB0F3746478}.Debug|iPhoneSimulator.Build.0 = Debug|iPhoneSimulator
		{68911AD7-DDE0-4612-BE34-CEB0F3746478}.Debug|iPhoneSimulator.Deploy.0 = Debug|iPhoneSimulator
		{68911AD7-DDE0-4612-BE34-CEB0F3746478}.Release|Any CPU.ActiveCfg = Release|iPhone
		{68911AD7-DDE0-4612-BE34-CEB0F3746478}.Release|Any CPU.Build.0 = Release|iPhone
		{68911AD7-DDE0-4612-BE34-CEB0F3746478}.Release|Any CPU.Deploy.0 = Release|iPhone
		{68911AD7-DDE0-4612-BE34-CEB0F3746478}.Release|iPhone.ActiveCfg = Release|iPhone
		{68911AD7-DDE0-4612-BE34-CEB0F3746478}.Release|iPhone.Build.0 = Release|iPhone
		{68911AD7-DDE0-4612-BE34-CEB0F3746478}.Release|iPhone.Deploy.0 = Release|iPhone
		{68911AD7-DDE0-4612-BE34-CEB0F3746478}.Release|iPhoneSimulator.ActiveCfg = Release|iPhoneSimulator
		{68911AD7-DDE0-4612-BE34-CEB0F3746478}.Release|iPhoneSimulator.Build.0 = Release|iPhoneSimulator
		{68911AD7-DDE0-4612-BE34-CEB0F3746478}.Release|iPhoneSimulator.Deploy.0 = Release|iPhoneSimulator
		{FAF598B7-4F44-48CA-89EF-33D04DA1472D}.Ad-Hoc|Any CPU.ActiveCfg = Debug|Any CPU
		{FAF598B7-4F44-48CA-89EF-33D04DA1472D}.Ad-Hoc|Any CPU.Build.0 = Debug|Any CPU
		{FAF598B7-4F44-48CA-89EF-33D04DA1472D}.Ad-Hoc|Any CPU.Deploy.0 = Debug|Any CPU
		{FAF598B7-4F44-48CA-89EF-33D04DA1472D}.Ad-Hoc|iPhone.ActiveCfg = Debug|Any CPU
		{FAF598B7-4F44-48CA-89EF-33D04DA1472D}.Ad-Hoc|iPhone.Build.0 = Debug|Any CPU
		{FAF598B7-4F44-48CA-89EF-33D04DA1472D}.Ad-Hoc|iPhone.Deploy.0 = Debug|Any CPU
		{FAF598B7-4F44-48CA-89EF-33D04DA1472D}.Ad-Hoc|iPhoneSimulator.ActiveCfg = Debug|Any CPU
		{FAF598B7-4F44-48CA-89EF-33D04DA1472D}.Ad-Hoc|iPhoneSimulator.Build.0 = Debug|Any CPU
		{FAF598B7-4F44-48CA-89EF-33D04DA1472D}.Ad-Hoc|iPhoneSimulator.Deploy.0 = Debug|Any CPU
		{FAF598B7-4F44-48CA-89EF-33D04DA1472D}.AppStore|Any CPU.ActiveCfg = Debug|Any CPU
		{FAF598B7-4F44-48CA-89EF-33D04DA1472D}.AppStore|Any CPU.Build.0 = Debug|Any CPU
		{FAF598B7-4F44-48CA-89EF-33D04DA1472D}.AppStore|Any CPU.Deploy.0 = Debug|Any CPU
		{FAF598B7-4F44-48CA-89EF-33D04DA1472D}.AppStore|iPhone.ActiveCfg = Debug|Any CPU
		{FAF598B7-4F44-48CA-89EF-33D04DA1472D}.AppStore|iPhone.Build.0 = Debug|Any CPU
		{FAF598B7-4F44-48CA-89EF-33D04DA1472D}.AppStore|iPhone.Deploy.0 = Debug|Any CPU
		{FAF598B7-4F44-48CA-89EF-33D04DA1472D}.AppStore|iPhoneSimulator.ActiveCfg = Debug|Any CPU
		{FAF598B7-4F44-48CA-89EF-33D04DA1472D}.AppStore|iPhoneSimulator.Build.0 = Debug|Any CPU
		{FAF598B7-4F44-48CA-89EF-33D04DA1472D}.AppStore|iPhoneSimulator.Deploy.0 = Debug|Any CPU
		{FAF598B7-4F44-48CA-89EF-33D04DA1472D}.Debug|Any CPU.ActiveCfg = Debug|Any CPU
		{FAF598B7-4F44-48CA-89EF-33D04DA1472D}.Debug|Any CPU.Build.0 = Debug|Any CPU
		{FAF598B7-4F44-48CA-89EF-33D04DA1472D}.Debug|Any CPU.Deploy.0 = Debug|Any CPU
		{FAF598B7-4F44-48CA-89EF-33D04DA1472D}.Debug|iPhone.ActiveCfg = Debug|Any CPU
		{FAF598B7-4F44-48CA-89EF-33D04DA1472D}.Debug|iPhone.Build.0 = Debug|Any CPU
		{FAF598B7-4F44-48CA-89EF-33D04DA1472D}.Debug|iPhone.Deploy.0 = Debug|Any CPU
		{FAF598B7-4F44-48CA-89EF-33D04DA1472D}.Debug|iPhoneSimulator.ActiveCfg = Debug|Any CPU
		{FAF598B7-4F44-48CA-89EF-33D04DA1472D}.Debug|iPhoneSimulator.Build.0 = Debug|Any CPU
		{FAF598B7-4F44-48CA-89EF-33D04DA1472D}.Debug|iPhoneSimulator.Deploy.0 = Debug|Any CPU
		{FAF598B7-4F44-48CA-89EF-33D04DA1472D}.Release|Any CPU.ActiveCfg = Release|Any CPU
		{FAF598B7-4F44-48CA-89EF-33D04DA1472D}.Release|Any CPU.Build.0 = Release|Any CPU
		{FAF598B7-4F44-48CA-89EF-33D04DA1472D}.Release|Any CPU.Deploy.0 = Release|Any CPU
		{FAF598B7-4F44-48CA-89EF-33D04DA1472D}.Release|iPhone.ActiveCfg = Release|Any CPU
		{FAF598B7-4F44-48CA-89EF-33D04DA1472D}.Release|iPhone.Build.0 = Release|Any CPU
		{FAF598B7-4F44-48CA-89EF-33D04DA1472D}.Release|iPhone.Deploy.0 = Release|Any CPU
		{FAF598B7-4F44-48CA-89EF-33D04DA1472D}.Release|iPhoneSimulator.ActiveCfg = Release|Any CPU
		{FAF598B7-4F44-48CA-89EF-33D04DA1472D}.Release|iPhoneSimulator.Build.0 = Release|Any CPU
		{FAF598B7-4F44-48CA-89EF-33D04DA1472D}.Release|iPhoneSimulator.Deploy.0 = Release|Any CPU
	EndGlobalSection
	GlobalSection(SolutionProperties) = preSolution
		HideSolutionNode = FALSE
	EndGlobalSection
	GlobalSection(ExtensibilityGlobals) = postSolution
		SolutionGuid = {F8C3C822-08A1-491D-9294-535E79DA66E0}
	EndGlobalSection
EndGlobal
